github.com/jrm-1535/exif v0.0.0-20220207234711-36984fb318e8 h1:UJSIhAfWDnqPrvIUFg82N0JNXQ9iDTW3uvZEoPLyiWY=
github.com/jrm-1535/exif v0.0.0-20220207234711-36984fb318e8/go.mod h1:0DD4FTVvmB+ajFzznyJ1f9diIcldKIZwCx+dq2aNJr4=
github.com/jrm-1535/jpeg v0.0.0-20220209054657-8a1a41b5b727 h1:+4Ozo+2KEwtAvTbAfQwkZBcWINpyKI6uL4MYRZGUQ8M=
github.com/jrm-1535/jpeg v0.0.0-20220209054657-8a1a41b5b727/go.mod h1:QjjlAwW9YLNnTbSYRHcQDFHslh46+RpL1KeqYTMS61M=
